
Microsoft Visual Studio Solution File, Format Version 12.00
# Visual Studio Version 16
VisualStudioVersion = 16.0.32929.386
MinimumVisualStudioVersion = 10.0.40219.1
Project("{9A19103F-16F7-4668-BE54-9A1E7A4F7556}") = "Model", "..\Model\Model.csproj", "{FDFE9523-2DBB-46F8-A6F0-95A19C10A21C}"
EndProject
Project("{9A19103F-16F7-4668-BE54-9A1E7A4F7556}") = "Logika", "Logika\Logika.csproj", "{22CB6420-37F0-4594-90C9-A00977B59C10}"
EndProject
Project("{2150E333-8FDC-42A3-9474-1A3956D46DE8}") = "Prezentacja", "Prezentacja", "{F38C9045-AE3C-443A-822E-A79CA58C2A6A}"
EndProject
Project("{9A19103F-16F7-4668-BE54-9A1E7A4F7556}") = "Dane", "Dane\Dane.csproj", "{440CC82E-0876-493D-887C-4465F7CB8CB6}"
EndProject
Project("{9A19103F-16F7-4668-BE54-9A1E7A4F7556}") = "View", "View\View.csproj", "{26C90F72-9E98-469D-A6CE-79D776F88687}"
EndProject
Project("{9A19103F-16F7-4668-BE54-9A1E7A4F7556}") = "ViewModel", "ViewModel\ViewModel.csproj", "{E6BB1ED5-2074-40CD-8F47-7EDA6E56D362}"
EndProject
Project("{9A19103F-16F7-4668-BE54-9A1E7A4F7556}") = "Model", "Model\Model.csproj", "{C0E1AC56-61C9-408D-901E-AEF0C1A9D12B}"
EndProject
Global
	GlobalSection(SolutionConfigurationPlatforms) = preSolution
		Debug|Any CPU = Debug|Any CPU
		Release|Any CPU = Release|Any CPU
		View|Any CPU = View|Any CPU
	EndGlobalSection
	GlobalSection(ProjectConfigurationPlatforms) = postSolution
		{22CB6420-37F0-4594-90C9-A00977B59C10}.Debug|Any CPU.ActiveCfg = Debug|Any CPU
		{22CB6420-37F0-4594-90C9-A00977B59C10}.Release|Any CPU.ActiveCfg = Release|Any CPU
		{22CB6420-37F0-4594-90C9-A00977B59C10}.Release|Any CPU.Build.0 = Release|Any CPU
		{22CB6420-37F0-4594-90C9-A00977B59C10}.View|Any CPU.ActiveCfg = Release|Any CPU
		{22CB6420-37F0-4594-90C9-A00977B59C10}.View|Any CPU.Build.0 = Release|Any CPU
		{440CC82E-0876-493D-887C-4465F7CB8CB6}.Debug|Any CPU.ActiveCfg = Debug|Any CPU
		{440CC82E-0876-493D-887C-4465F7CB8CB6}.Debug|Any CPU.Build.0 = Debug|Any CPU
		{440CC82E-0876-493D-887C-4465F7CB8CB6}.Release|Any CPU.ActiveCfg = Release|Any CPU
		{440CC82E-0876-493D-887C-4465F7CB8CB6}.Release|Any CPU.Build.0 = Release|Any CPU
		{440CC82E-0876-493D-887C-4465F7CB8CB6}.View|Any CPU.ActiveCfg = Release|Any CPU
		{440CC82E-0876-493D-887C-4465F7CB8CB6}.View|Any CPU.Build.0 = Release|Any CPU
		{26C90F72-9E98-469D-A6CE-79D776F88687}.Debug|Any CPU.ActiveCfg = Debug|Any CPU
		{26C90F72-9E98-469D-A6CE-79D776F88687}.Debug|Any CPU.Build.0 = Debug|Any CPU
		{26C90F72-9E98-469D-A6CE-79D776F88687}.Release|Any CPU.ActiveCfg = Release|Any CPU
		{26C90F72-9E98-469D-A6CE-79D776F88687}.Release|Any CPU.Build.0 = Release|Any CPU
		{26C90F72-9E98-469D-A6CE-79D776F88687}.View|Any CPU.ActiveCfg = Debug|Any CPU
		{26C90F72-9E98-469D-A6CE-79D776F88687}.View|Any CPU.Build.0 = Debug|Any CPU
		{E6BB1ED5-2074-40CD-8F47-7EDA6E56D362}.Debug|Any CPU.ActiveCfg = Debug|Any CPU
		{E6BB1ED5-2074-40CD-8F47-7EDA6E56D362}.Release|Any CPU.ActiveCfg = Release|Any CPU
		{E6BB1ED5-2074-40CD-8F47-7EDA6E56D362}.Release|Any CPU.Build.0 = Release|Any CPU
		{E6BB1ED5-2074-40CD-8F47-7EDA6E56D362}.View|Any CPU.ActiveCfg = Release|Any CPU
		{E6BB1ED5-2074-40CD-8F47-7EDA6E56D362}.View|Any CPU.Build.0 = Release|Any CPU
		{C0E1AC56-61C9-408D-901E-AEF0C1A9D12B}.Debug|Any CPU.ActiveCfg = Debug|Any CPU
		{C0E1AC56-61C9-408D-901E-AEF0C1A9D12B}.Release|Any CPU.ActiveCfg = Release|Any CPU
		{C0E1AC56-61C9-408D-901E-AEF0C1A9D12B}.Release|Any CPU.Build.0 = Release|Any CPU
		{C0E1AC56-61C9-408D-901E-AEF0C1A9D12B}.View|Any CPU.ActiveCfg = Release|Any CPU
		{C0E1AC56-61C9-408D-901E-AEF0C1A9D12B}.View|Any CPU.Build.0 = Release|Any CPU
	EndGlobalSection
	GlobalSection(SolutionProperties) = preSolution
		HideSolutionNode = FALSE
	EndGlobalSection
	GlobalSection(NestedProjects) = preSolution
		{26C90F72-9E98-469D-A6CE-79D776F88687} = {F38C9045-AE3C-443A-822E-A79CA58C2A6A}
		{E6BB1ED5-2074-40CD-8F47-7EDA6E56D362} = {F38C9045-AE3C-443A-822E-A79CA58C2A6A}
		{C0E1AC56-61C9-408D-901E-AEF0C1A9D12B} = {F38C9045-AE3C-443A-822E-A79CA58C2A6A}
	EndGlobalSection
	GlobalSection(ExtensibilityGlobals) = postSolution
		SolutionGuid = {B8C400BA-20E7-4BA3-90CA-21B67D968E1A}
	EndGlobalSection
EndGlobal
