
Microsoft Visual Studio Solution File, Format Version 12.00
# Visual Studio Version 16
VisualStudioVersion = 16.0.32929.386
MinimumVisualStudioVersion = 10.0.40219.1
Project("{FAE04EC0-301F-11D3-BF4B-00C04F79EFBC}") = "Dane", "Dane.csproj", "{1C2C19F0-C423-427D-AEF6-D2B8A4D2EC99}"
EndProject
Project("{FAE04EC0-301F-11D3-BF4B-00C04F79EFBC}") = "Logika", "..\Logika\Logika.csproj", "{0BC78865-AE3B-4DEA-8074-624FBDDBE681}"
EndProject
Project("{FAE04EC0-301F-11D3-BF4B-00C04F79EFBC}") = "Testy", "..\Testy\Testy.csproj", "{D3344BBB-9C02-405F-8F65-EB4C0E64F9DD}"
EndProject
Project("{FAE04EC0-301F-11D3-BF4B-00C04F79EFBC}") = "Prezentacja", "Prezentacja", "{0522D10B-0DD5-4F9C-950B-62478F71FD34}"
EndProject
Project("{FAE04EC0-301F-11D3-BF4B-00C04F79EFBC}") = "ViewModel", "..\ViewModel\ViewModel.csproj", "{98F0F389-0EE8-4514-A28A-00B6E3A2DE91}"
EndProject
Project("{FAE04EC0-301F-11D3-BF4B-00C04F79EFBC}") = "Model", "..\Model\Model.csproj", "{FDFE9523-2DBB-46F8-A6F0-95A19C10A21C}"
EndProject
Project("{FAE04EC0-301F-11D3-BF4B-00C04F79EFBC}") = "View", "..\View\View.csproj", "{956D9336-116E-44DC-B7EC-1F6F7F46F977}"
EndProject
Global
	GlobalSection(SolutionConfigurationPlatforms) = preSolution
		Debug|Any CPU = Debug|Any CPU
		Release|Any CPU = Release|Any CPU
	EndGlobalSection
	GlobalSection(ProjectConfigurationPlatforms) = postSolution
		{07A8EE26-C878-480B-9DF4-71F1807DC7A0}.Debug|Any CPU.ActiveCfg = Debug|Any CPU
		{07A8EE26-C878-480B-9DF4-71F1807DC7A0}.Debug|Any CPU.Build.0 = Debug|Any CPU
		{07A8EE26-C878-480B-9DF4-71F1807DC7A0}.Release|Any CPU.ActiveCfg = Release|Any CPU
		{07A8EE26-C878-480B-9DF4-71F1807DC7A0}.Release|Any CPU.Build.0 = Release|Any CPU
		{D506773A-2CC2-41FD-A407-0DC4AAF50F84}.Debug|Any CPU.ActiveCfg = Debug|Any CPU
		{D506773A-2CC2-41FD-A407-0DC4AAF50F84}.Debug|Any CPU.Build.0 = Debug|Any CPU
		{D506773A-2CC2-41FD-A407-0DC4AAF50F84}.Release|Any CPU.ActiveCfg = Release|Any CPU
		{D506773A-2CC2-41FD-A407-0DC4AAF50F84}.Release|Any CPU.Build.0 = Release|Any CPU
		{E6DF2B8E-211B-47ED-A2CF-BF56E1D7CA60}.Debug|Any CPU.ActiveCfg = Debug|Any CPU
		{E6DF2B8E-211B-47ED-A2CF-BF56E1D7CA60}.Debug|Any CPU.Build.0 = Debug|Any CPU
		{E6DF2B8E-211B-47ED-A2CF-BF56E1D7CA60}.Release|Any CPU.ActiveCfg = Release|Any CPU
		{E6DF2B8E-211B-47ED-A2CF-BF56E1D7CA60}.Release|Any CPU.Build.0 = Release|Any CPU
	EndGlobalSection
	GlobalSection(SolutionProperties) = preSolution
		HideSolutionNode = FALSE
	EndGlobalSection
	GlobalSection(ExtensibilityGlobals) = postSolution
		SolutionGuid = {B8C400BA-20E7-4BA3-90CA-21B67D968E1A}
	EndGlobalSection
EndGlobal
