
Microsoft Visual Studio Solution File, Format Version 12.00
# Visual Studio Version 16
VisualStudioVersion = 16.0.32929.386
MinimumVisualStudioVersion = 10.0.40219.1
Project("{FAE04EC0-301F-11D3-BF4B-00C04F79EFBC}") = "Model", "Wspolbierzne\Model.csproj", "{07A8EE26-C878-480B-9DF4-71F1807DC7A0}"
EndProject
Project("{FAE04EC0-301F-11D3-BF4B-00C04F79EFBC}") = "TestProject1", "TestProject1\TestProject1.csproj", "{D506773A-2CC2-41FD-A407-0DC4AAF50F84}"
EndProject
Project("{FAE04EC0-301F-11D3-BF4B-00C04F79EFBC}") = "UnitTestProject1", "UnitTestProject1\UnitTestProject1.csproj", "{E6DF2B8E-211B-47ED-A2CF-BF56E1D7CA60}"
EndProject
Project("{FAE04EC0-301F-11D3-BF4B-00C04F79EFBC}") = "Logika", "Logika\Logika.csproj", "{22CB6420-37F0-4594-90C9-A00977B59C10}"
EndProject
Project("{2150E333-8FDC-42A3-9474-1A3956D46DE8}") = "Prezentacja", "Prezentacja", "{F38C9045-AE3C-443A-822E-A79CA58C2A6A}"
EndProject
Project("{FAE04EC0-301F-11D3-BF4B-00C04F79EFBC}") = "Dane", "Dane\Dane.csproj", "{440CC82E-0876-493D-887C-4465F7CB8CB6}"
EndProject
Project("{FAE04EC0-301F-11D3-BF4B-00C04F79EFBC}") = "VievModel", "VievModel\VievModel.csproj", "{7D4B8DB6-6B84-4D56-B22C-6ACBF3EFC2BE}"
EndProject
Project("{FAE04EC0-301F-11D3-BF4B-00C04F79EFBC}") = "Viev", "Viev\Viev.csproj", "{7EDDBB51-64CA-40DC-AFFC-C2B9AF9B1263}"
EndProject
Global
	GlobalSection(SolutionConfigurationPlatforms) = preSolution
		Debug|Any CPU = Debug|Any CPU
		Release|Any CPU = Release|Any CPU
	EndGlobalSection
	GlobalSection(ProjectConfigurationPlatforms) = postSolution
		{07A8EE26-C878-480B-9DF4-71F1807DC7A0}.Debug|Any CPU.ActiveCfg = Debug|Any CPU
		{07A8EE26-C878-480B-9DF4-71F1807DC7A0}.Debug|Any CPU.Build.0 = Debug|Any CPU
		{07A8EE26-C878-480B-9DF4-71F1807DC7A0}.Release|Any CPU.ActiveCfg = Release|Any CPU
		{07A8EE26-C878-480B-9DF4-71F1807DC7A0}.Release|Any CPU.Build.0 = Release|Any CPU
		{D506773A-2CC2-41FD-A407-0DC4AAF50F84}.Debug|Any CPU.ActiveCfg = Debug|Any CPU
		{D506773A-2CC2-41FD-A407-0DC4AAF50F84}.Debug|Any CPU.Build.0 = Debug|Any CPU
		{D506773A-2CC2-41FD-A407-0DC4AAF50F84}.Release|Any CPU.ActiveCfg = Release|Any CPU
		{D506773A-2CC2-41FD-A407-0DC4AAF50F84}.Release|Any CPU.Build.0 = Release|Any CPU
		{E6DF2B8E-211B-47ED-A2CF-BF56E1D7CA60}.Debug|Any CPU.ActiveCfg = Debug|Any CPU
		{E6DF2B8E-211B-47ED-A2CF-BF56E1D7CA60}.Debug|Any CPU.Build.0 = Debug|Any CPU
		{E6DF2B8E-211B-47ED-A2CF-BF56E1D7CA60}.Release|Any CPU.ActiveCfg = Release|Any CPU
		{E6DF2B8E-211B-47ED-A2CF-BF56E1D7CA60}.Release|Any CPU.Build.0 = Release|Any CPU
		{22CB6420-37F0-4594-90C9-A00977B59C10}.Debug|Any CPU.ActiveCfg = Debug|Any CPU
		{22CB6420-37F0-4594-90C9-A00977B59C10}.Debug|Any CPU.Build.0 = Debug|Any CPU
		{22CB6420-37F0-4594-90C9-A00977B59C10}.Release|Any CPU.ActiveCfg = Release|Any CPU
		{22CB6420-37F0-4594-90C9-A00977B59C10}.Release|Any CPU.Build.0 = Release|Any CPU
		{440CC82E-0876-493D-887C-4465F7CB8CB6}.Debug|Any CPU.ActiveCfg = Debug|Any CPU
		{440CC82E-0876-493D-887C-4465F7CB8CB6}.Debug|Any CPU.Build.0 = Debug|Any CPU
		{440CC82E-0876-493D-887C-4465F7CB8CB6}.Release|Any CPU.ActiveCfg = Release|Any CPU
		{440CC82E-0876-493D-887C-4465F7CB8CB6}.Release|Any CPU.Build.0 = Release|Any CPU
		{7D4B8DB6-6B84-4D56-B22C-6ACBF3EFC2BE}.Debug|Any CPU.ActiveCfg = Debug|Any CPU
		{7D4B8DB6-6B84-4D56-B22C-6ACBF3EFC2BE}.Debug|Any CPU.Build.0 = Debug|Any CPU
		{7D4B8DB6-6B84-4D56-B22C-6ACBF3EFC2BE}.Release|Any CPU.ActiveCfg = Release|Any CPU
		{7D4B8DB6-6B84-4D56-B22C-6ACBF3EFC2BE}.Release|Any CPU.Build.0 = Release|Any CPU
		{7EDDBB51-64CA-40DC-AFFC-C2B9AF9B1263}.Debug|Any CPU.ActiveCfg = Debug|Any CPU
		{7EDDBB51-64CA-40DC-AFFC-C2B9AF9B1263}.Debug|Any CPU.Build.0 = Debug|Any CPU
		{7EDDBB51-64CA-40DC-AFFC-C2B9AF9B1263}.Release|Any CPU.ActiveCfg = Release|Any CPU
		{7EDDBB51-64CA-40DC-AFFC-C2B9AF9B1263}.Release|Any CPU.Build.0 = Release|Any CPU
	EndGlobalSection
	GlobalSection(SolutionProperties) = preSolution
		HideSolutionNode = FALSE
	EndGlobalSection
	GlobalSection(NestedProjects) = preSolution
		{07A8EE26-C878-480B-9DF4-71F1807DC7A0} = {F38C9045-AE3C-443A-822E-A79CA58C2A6A}
		{7D4B8DB6-6B84-4D56-B22C-6ACBF3EFC2BE} = {F38C9045-AE3C-443A-822E-A79CA58C2A6A}
		{7EDDBB51-64CA-40DC-AFFC-C2B9AF9B1263} = {F38C9045-AE3C-443A-822E-A79CA58C2A6A}
	EndGlobalSection
	GlobalSection(ExtensibilityGlobals) = postSolution
		SolutionGuid = {B8C400BA-20E7-4BA3-90CA-21B67D968E1A}
	EndGlobalSection
EndGlobal
